// !$*UTF8*$!
{
	archiveVersion = 1;
	classes = {
	};
	objectVersion = 46;
	objects = {

/* Begin PBXBuildFile section */
		48E98A85171F2C8700F1F957 /* UIKit.framework in Frameworks */ = {isa = PBXBuildFile; fileRef = 48E98A84171F2C8700F1F957 /* UIKit.framework */; };
		48E98A87171F2C8700F1F957 /* Foundation.framework in Frameworks */ = {isa = PBXBuildFile; fileRef = 48E98A86171F2C8700F1F957 /* Foundation.framework */; };
		48E98A89171F2C8700F1F957 /* CoreGraphics.framework in Frameworks */ = {isa = PBXBuildFile; fileRef = 48E98A88171F2C8700F1F957 /* CoreGraphics.framework */; };
		48E98A8F171F2C8700F1F957 /* InfoPlist.strings in Resources */ = {isa = PBXBuildFile; fileRef = 48E98A8D171F2C8700F1F957 /* InfoPlist.strings */; };
		48E98A91171F2C8700F1F957 /* main.m in Sources */ = {isa = PBXBuildFile; fileRef = 48E98A90171F2C8700F1F957 /* main.m */; };
		48E98A95171F2C8700F1F957 /* AppDelegate.m in Sources */ = {isa = PBXBuildFile; fileRef = 48E98A94171F2C8700F1F957 /* AppDelegate.m */; };
		48E98A97171F2C8700F1F957 /* Default.png in Resources */ = {isa = PBXBuildFile; fileRef = 48E98A96171F2C8700F1F957 /* Default.png */; };
		48E98A99171F2C8700F1F957 /* Default@2x.png in Resources */ = {isa = PBXBuildFile; fileRef = 48E98A98171F2C8700F1F957 /* Default@2x.png */; };
		48E98A9B171F2C8700F1F957 /* Default-568h@2x.png in Resources */ = {isa = PBXBuildFile; fileRef = 48E98A9A171F2C8700F1F957 /* Default-568h@2x.png */; };
		48E98A9E171F2C8700F1F957 /* ViewController.m in Sources */ = {isa = PBXBuildFile; fileRef = 48E98A9D171F2C8700F1F957 /* ViewController.m */; };
		48E98AA1171F2C8700F1F957 /* ViewController_iPhone.xib in Resources */ = {isa = PBXBuildFile; fileRef = 48E98A9F171F2C8700F1F957 /* ViewController_iPhone.xib */; };
		48E98AA4171F2C8700F1F957 /* ViewController_iPad.xib in Resources */ = {isa = PBXBuildFile; fileRef = 48E98AA2171F2C8700F1F957 /* ViewController_iPad.xib */; };
		48E98AAC171F2C8700F1F957 /* SenTestingKit.framework in Frameworks */ = {isa = PBXBuildFile; fileRef = 48E98AAB171F2C8700F1F957 /* SenTestingKit.framework */; };
		48E98AAD171F2C8700F1F957 /* UIKit.framework in Frameworks */ = {isa = PBXBuildFile; fileRef = 48E98A84171F2C8700F1F957 /* UIKit.framework */; };
		48E98AAE171F2C8700F1F957 /* Foundation.framework in Frameworks */ = {isa = PBXBuildFile; fileRef = 48E98A86171F2C8700F1F957 /* Foundation.framework */; };
		48E98AB6171F2C8700F1F957 /* InfoPlist.strings in Resources */ = {isa = PBXBuildFile; fileRef = 48E98AB4171F2C8700F1F957 /* InfoPlist.strings */; };
		48E98AB9171F2C8700F1F957 /* ScrollViewIndicatorsTests.m in Sources */ = {isa = PBXBuildFile; fileRef = 48E98AB8171F2C8700F1F957 /* ScrollViewIndicatorsTests.m */; };
/* End PBXBuildFile section */

/* Begin PBXContainerItemProxy section */
		48E98AAF171F2C8700F1F957 /* PBXContainerItemProxy */ = {
			isa = PBXContainerItemProxy;
			containerPortal = 48E98A79171F2C8700F1F957 /* Project object */;
			proxyType = 1;
			remoteGlobalIDString = 48E98A80171F2C8700F1F957;
			remoteInfo = ScrollViewIndicators;
		};
/* End PBXContainerItemProxy section */

/* Begin PBXFileReference section */
		48E98A81171F2C8700F1F957 /* ScrollViewIndicators.app */ = {isa = PBXFileReference; explicitFileType = wrapper.application; includeInIndex = 0; path = ScrollViewIndicators.app; sourceTree = BUILT_PRODUCTS_DIR; };
		48E98A84171F2C8700F1F957 /* UIKit.framework */ = {isa = PBXFileReference; lastKnownFileType = wrapper.framework; name = UIKit.framework; path = System/Library/Frameworks/UIKit.framework; sourceTree = SDKROOT; };
		48E98A86171F2C8700F1F957 /* Foundation.framework */ = {isa = PBXFileReference; lastKnownFileType = wrapper.framework; name = Foundation.framework; path = System/Library/Frameworks/Foundation.framework; sourceTree = SDKROOT; };
		48E98A88171F2C8700F1F957 /* CoreGraphics.framework */ = {isa = PBXFileReference; lastKnownFileType = wrapper.framework; name = CoreGraphics.framework; path = System/Library/Frameworks/CoreGraphics.framework; sourceTree = SDKROOT; };
		48E98A8C171F2C8700F1F957 /* ScrollViewIndicators-Info.plist */ = {isa = PBXFileReference; lastKnownFileType = text.plist.xml; path = "ScrollViewIndicators-Info.plist"; sourceTree = "<group>"; };
		48E98A8E171F2C8700F1F957 /* en */ = {isa = PBXFileReference; lastKnownFileType = text.plist.strings; name = en; path = en.lproj/InfoPlist.strings; sourceTree = "<group>"; };
		48E98A90171F2C8700F1F957 /* main.m */ = {isa = PBXFileReference; lastKnownFileType = sourcecode.c.objc; path = main.m; sourceTree = "<group>"; };
		48E98A92171F2C8700F1F957 /* ScrollViewIndicators-Prefix.pch */ = {isa = PBXFileReference; lastKnownFileType = sourcecode.c.h; path = "ScrollViewIndicators-Prefix.pch"; sourceTree = "<group>"; };
		48E98A93171F2C8700F1F957 /* AppDelegate.h */ = {isa = PBXFileReference; lastKnownFileType = sourcecode.c.h; path = AppDelegate.h; sourceTree = "<group>"; };
		48E98A94171F2C8700F1F957 /* AppDelegate.m */ = {isa = PBXFileReference; lastKnownFileType = sourcecode.c.objc; path = AppDelegate.m; sourceTree = "<group>"; };
		48E98A96171F2C8700F1F957 /* Default.png */ = {isa = PBXFileReference; lastKnownFileType = image.png; path = Default.png; sourceTree = "<group>"; };
		48E98A98171F2C8700F1F957 /* Default@2x.png */ = {isa = PBXFileReference; lastKnownFileType = image.png; path = "Default@2x.png"; sourceTree = "<group>"; };
		48E98A9A171F2C8700F1F957 /* Default-568h@2x.png */ = {isa = PBXFileReference; lastKnownFileType = image.png; path = "Default-568h@2x.png"; sourceTree = "<group>"; };
		48E98A9C171F2C8700F1F957 /* ViewController.h */ = {isa = PBXFileReference; lastKnownFileType = sourcecode.c.h; path = ViewController.h; sourceTree = "<group>"; };
		48E98A9D171F2C8700F1F957 /* ViewController.m */ = {isa = PBXFileReference; lastKnownFileType = sourcecode.c.objc; path = ViewController.m; sourceTree = "<group>"; };
		48E98AA0171F2C8700F1F957 /* en */ = {isa = PBXFileReference; lastKnownFileType = file.xib; name = en; path = en.lproj/ViewController_iPhone.xib; sourceTree = "<group>"; };
		48E98AA3171F2C8700F1F957 /* en */ = {isa = PBXFileReference; lastKnownFileType = file.xib; name = en; path = en.lproj/ViewController_iPad.xib; sourceTree = "<group>"; };
		48E98AAA171F2C8700F1F957 /* ScrollViewIndicatorsTests.octest */ = {isa = PBXFileReference; explicitFileType = wrapper.cfbundle; includeInIndex = 0; path = ScrollViewIndicatorsTests.octest; sourceTree = BUILT_PRODUCTS_DIR; };
		48E98AAB171F2C8700F1F957 /* SenTestingKit.framework */ = {isa = PBXFileReference; lastKnownFileType = wrapper.framework; name = SenTestingKit.framework; path = Library/Frameworks/SenTestingKit.framework; sourceTree = DEVELOPER_DIR; };
		48E98AB3171F2C8700F1F957 /* ScrollViewIndicatorsTests-Info.plist */ = {isa = PBXFileReference; lastKnownFileType = text.plist.xml; path = "ScrollViewIndicatorsTests-Info.plist"; sourceTree = "<group>"; };
		48E98AB5171F2C8700F1F957 /* en */ = {isa = PBXFileReference; lastKnownFileType = text.plist.strings; name = en; path = en.lproj/InfoPlist.strings; sourceTree = "<group>"; };
		48E98AB7171F2C8700F1F957 /* ScrollViewIndicatorsTests.h */ = {isa = PBXFileReference; lastKnownFileType = sourcecode.c.h; path = ScrollViewIndicatorsTests.h; sourceTree = "<group>"; };
		48E98AB8171F2C8700F1F957 /* ScrollViewIndicatorsTests.m */ = {isa = PBXFileReference; lastKnownFileType = sourcecode.c.objc; path = ScrollViewIndicatorsTests.m; sourceTree = "<group>"; };
/* End PBXFileReference section */

/* Begin PBXFrameworksBuildPhase section */
		48E98A7E171F2C8700F1F957 /* Frameworks */ = {
			isa = PBXFrameworksBuildPhase;
			buildActionMask = 2147483647;
			files = (
				48E98A85171F2C8700F1F957 /* UIKit.framework in Frameworks */,
				48E98A87171F2C8700F1F957 /* Foundation.framework in Frameworks */,
				48E98A89171F2C8700F1F957 /* CoreGraphics.framework in Frameworks */,
			);
			runOnlyForDeploymentPostprocessing = 0;
		};
		48E98AA6171F2C8700F1F957 /* Frameworks */ = {
			isa = PBXFrameworksBuildPhase;
			buildActionMask = 2147483647;
			files = (
				48E98AAC171F2C8700F1F957 /* SenTestingKit.framework in Frameworks */,
				48E98AAD171F2C8700F1F957 /* UIKit.framework in Frameworks */,
				48E98AAE171F2C8700F1F957 /* Foundation.framework in Frameworks */,
			);
			runOnlyForDeploymentPostprocessing = 0;
		};
/* End PBXFrameworksBuildPhase section */

/* Begin PBXGroup section */
		48E98A78171F2C8700F1F957 = {
			isa = PBXGroup;
			children = (
				48E98A8A171F2C8700F1F957 /* ScrollViewIndicators */,
				48E98AB1171F2C8700F1F957 /* ScrollViewIndicatorsTests */,
				48E98A83171F2C8700F1F957 /* Frameworks */,
				48E98A82171F2C8700F1F957 /* Products */,
			);
			sourceTree = "<group>";
		};
		48E98A82171F2C8700F1F957 /* Products */ = {
			isa = PBXGroup;
			children = (
				48E98A81171F2C8700F1F957 /* ScrollViewIndicators.app */,
				48E98AAA171F2C8700F1F957 /* ScrollViewIndicatorsTests.octest */,
			);
			name = Products;
			sourceTree = "<group>";
		};
		48E98A83171F2C8700F1F957 /* Frameworks */ = {
			isa = PBXGroup;
			children = (
				48E98A84171F2C8700F1F957 /* UIKit.framework */,
				48E98A86171F2C8700F1F957 /* Foundation.framework */,
				48E98A88171F2C8700F1F957 /* CoreGraphics.framework */,
				48E98AAB171F2C8700F1F957 /* SenTestingKit.framework */,
			);
			name = Frameworks;
			sourceTree = "<group>";
		};
		48E98A8A171F2C8700F1F957 /* ScrollViewIndicators */ = {
			isa = PBXGroup;
			children = (
				48E98A93171F2C8700F1F957 /* AppDelegate.h */,
				48E98A94171F2C8700F1F957 /* AppDelegate.m */,
				48E98A9C171F2C8700F1F957 /* ViewController.h */,
				48E98A9D171F2C8700F1F957 /* ViewController.m */,
				48E98A9F171F2C8700F1F957 /* ViewController_iPhone.xib */,
				48E98AA2171F2C8700F1F957 /* ViewController_iPad.xib */,
				48E98A8B171F2C8700F1F957 /* Supporting Files */,
			);
			path = ScrollViewIndicators;
			sourceTree = "<group>";
		};
		48E98A8B171F2C8700F1F957 /* Supporting Files */ = {
			isa = PBXGroup;
			children = (
				48E98A8C171F2C8700F1F957 /* ScrollViewIndicators-Info.plist */,
				48E98A8D171F2C8700F1F957 /* InfoPlist.strings */,
				48E98A90171F2C8700F1F957 /* main.m */,
				48E98A92171F2C8700F1F957 /* ScrollViewIndicators-Prefix.pch */,
				48E98A96171F2C8700F1F957 /* Default.png */,
				48E98A98171F2C8700F1F957 /* Default@2x.png */,
				48E98A9A171F2C8700F1F957 /* Default-568h@2x.png */,
			);
			name = "Supporting Files";
			sourceTree = "<group>";
		};
		48E98AB1171F2C8700F1F957 /* ScrollViewIndicatorsTests */ = {
			isa = PBXGroup;
			children = (
				48E98AB7171F2C8700F1F957 /* ScrollViewIndicatorsTests.h */,
				48E98AB8171F2C8700F1F957 /* ScrollViewIndicatorsTests.m */,
				48E98AB2171F2C8700F1F957 /* Supporting Files */,
			);
			path = ScrollViewIndicatorsTests;
			sourceTree = "<group>";
		};
		48E98AB2171F2C8700F1F957 /* Supporting Files */ = {
			isa = PBXGroup;
			children = (
				48E98AB3171F2C8700F1F957 /* ScrollViewIndicatorsTests-Info.plist */,
				48E98AB4171F2C8700F1F957 /* InfoPlist.strings */,
			);
			name = "Supporting Files";
			sourceTree = "<group>";
		};
/* End PBXGroup section */

/* Begin PBXNativeTarget section */
		48E98A80171F2C8700F1F957 /* ScrollViewIndicators */ = {
			isa = PBXNativeTarget;
			buildConfigurationList = 48E98ABC171F2C8700F1F957 /* Build configuration list for PBXNativeTarget "ScrollViewIndicators" */;
			buildPhases = (
				48E98A7D171F2C8700F1F957 /* Sources */,
				48E98A7E171F2C8700F1F957 /* Frameworks */,
				48E98A7F171F2C8700F1F957 /* Resources */,
			);
			buildRules = (
			);
			dependencies = (
			);
			name = ScrollViewIndicators;
			productName = ScrollViewIndicators;
			productReference = 48E98A81171F2C8700F1F957 /* ScrollViewIndicators.app */;
			productType = "com.apple.product-type.application";
		};
		48E98AA9171F2C8700F1F957 /* ScrollViewIndicatorsTests */ = {
			isa = PBXNativeTarget;
			buildConfigurationList = 48E98ABF171F2C8700F1F957 /* Build configuration list for PBXNativeTarget "ScrollViewIndicatorsTests" */;
			buildPhases = (
				48E98AA5171F2C8700F1F957 /* Sources */,
				48E98AA6171F2C8700F1F957 /* Frameworks */,
				48E98AA7171F2C8700F1F957 /* Resources */,
				48E98AA8171F2C8700F1F957 /* ShellScript */,
			);
			buildRules = (
			);
			dependencies = (
				48E98AB0171F2C8700F1F957 /* PBXTargetDependency */,
			);
			name = ScrollViewIndicatorsTests;
			productName = ScrollViewIndicatorsTests;
			productReference = 48E98AAA171F2C8700F1F957 /* ScrollViewIndicatorsTests.octest */;
			productType = "com.apple.product-type.bundle";
		};
/* End PBXNativeTarget section */

/* Begin PBXProject section */
		48E98A79171F2C8700F1F957 /* Project object */ = {
			isa = PBXProject;
			attributes = {
				LastUpgradeCheck = 0460;
				ORGANIZATIONNAME = "Brian Michel";
			};
			buildConfigurationList = 48E98A7C171F2C8700F1F957 /* Build configuration list for PBXProject "ScrollViewIndicators" */;
			compatibilityVersion = "Xcode 3.2";
			developmentRegion = English;
			hasScannedForEncodings = 0;
			knownRegions = (
				en,
			);
			mainGroup = 48E98A78171F2C8700F1F957;
			productRefGroup = 48E98A82171F2C8700F1F957 /* Products */;
			projectDirPath = "";
			projectRoot = "";
			targets = (
				48E98A80171F2C8700F1F957 /* ScrollViewIndicators */,
				48E98AA9171F2C8700F1F957 /* ScrollViewIndicatorsTests */,
			);
		};
/* End PBXProject section */

/* Begin PBXResourcesBuildPhase section */
		48E98A7F171F2C8700F1F957 /* Resources */ = {
			isa = PBXResourcesBuildPhase;
			buildActionMask = 2147483647;
			files = (
				48E98A8F171F2C8700F1F957 /* InfoPlist.strings in Resources */,
				48E98A97171F2C8700F1F957 /* Default.png in Resources */,
				48E98A99171F2C8700F1F957 /* Default@2x.png in Resources */,
				48E98A9B171F2C8700F1F957 /* Default-568h@2x.png in Resources */,
				48E98AA1171F2C8700F1F957 /* ViewController_iPhone.xib in Resources */,
				48E98AA4171F2C8700F1F957 /* ViewController_iPad.xib in Resources */,
			);
			runOnlyForDeploymentPostprocessing = 0;
		};
		48E98AA7171F2C8700F1F957 /* Resources */ = {
			isa = PBXResourcesBuildPhase;
			buildActionMask = 2147483647;
			files = (
				48E98AB6171F2C8700F1F957 /* InfoPlist.strings in Resources */,
			);
			runOnlyForDeploymentPostprocessing = 0;
		};
/* End PBXResourcesBuildPhase section */

/* Begin PBXShellScriptBuildPhase section */
		48E98AA8171F2C8700F1F957 /* ShellScript */ = {
			isa = PBXShellScriptBuildPhase;
			buildActionMask = 2147483647;
			files = (
			);
			inputPaths = (
			);
			outputPaths = (
			);
			runOnlyForDeploymentPostprocessing = 0;
			shellPath = /bin/sh;
			shellScript = "# Run the unit tests in this test bundle.\n\"${SYSTEM_DEVELOPER_DIR}/Tools/RunUnitTests\"\n";
		};
/* End PBXShellScriptBuildPhase section */

/* Begin PBXSourcesBuildPhase section */
		48E98A7D171F2C8700F1F957 /* Sources */ = {
			isa = PBXSourcesBuildPhase;
			buildActionMask = 2147483647;
			files = (
				48E98A91171F2C8700F1F957 /* main.m in Sources */,
				48E98A95171F2C8700F1F957 /* AppDelegate.m in Sources */,
				48E98A9E171F2C8700F1F957 /* ViewController.m in Sources */,
			);
			runOnlyForDeploymentPostprocessing = 0;
		};
		48E98AA5171F2C8700F1F957 /* Sources */ = {
			isa = PBXSourcesBuildPhase;
			buildActionMask = 2147483647;
			files = (
				48E98AB9171F2C8700F1F957 /* ScrollViewIndicatorsTests.m in Sources */,
			);
			runOnlyForDeploymentPostprocessing = 0;
		};
/* End PBXSourcesBuildPhase section */

/* Begin PBXTargetDependency section */
		48E98AB0171F2C8700F1F957 /* PBXTargetDependency */ = {
			isa = PBXTargetDependency;
			target = 48E98A80171F2C8700F1F957 /* ScrollViewIndicators */;
			targetProxy = 48E98AAF171F2C8700F1F957 /* PBXContainerItemProxy */;
		};
/* End PBXTargetDependency section */

/* Begin PBXVariantGroup section */
		48E98A8D171F2C8700F1F957 /* InfoPlist.strings */ = {
			isa = PBXVariantGroup;
			children = (
				48E98A8E171F2C8700F1F957 /* en */,
			);
			name = InfoPlist.strings;
			sourceTree = "<group>";
		};
		48E98A9F171F2C8700F1F957 /* ViewController_iPhone.xib */ = {
			isa = PBXVariantGroup;
			children = (
				48E98AA0171F2C8700F1F957 /* en */,
			);
			name = ViewController_iPhone.xib;
			sourceTree = "<group>";
		};
		48E98AA2171F2C8700F1F957 /* ViewController_iPad.xib */ = {
			isa = PBXVariantGroup;
			children = (
				48E98AA3171F2C8700F1F957 /* en */,
			);
			name = ViewController_iPad.xib;
			sourceTree = "<group>";
		};
		48E98AB4171F2C8700F1F957 /* InfoPlist.strings */ = {
			isa = PBXVariantGroup;
			children = (
				48E98AB5171F2C8700F1F957 /* en */,
			);
			name = InfoPlist.strings;
			sourceTree = "<group>";
		};
/* End PBXVariantGroup section */

/* Begin XCBuildConfiguration section */
		48E98ABA171F2C8700F1F957 /* Debug */ = {
			isa = XCBuildConfiguration;
			buildSettings = {
				ALWAYS_SEARCH_USER_PATHS = NO;
				CLANG_CXX_LANGUAGE_STANDARD = "gnu++0x";
				CLANG_CXX_LIBRARY = "libc++";
				CLANG_ENABLE_OBJC_ARC = YES;
				CLANG_WARN_CONSTANT_CONVERSION = YES;
				CLANG_WARN_EMPTY_BODY = YES;
				CLANG_WARN_ENUM_CONVERSION = YES;
				CLANG_WARN_INT_CONVERSION = YES;
				CLANG_WARN__DUPLICATE_METHOD_MATCH = YES;
				"CODE_SIGN_IDENTITY[sdk=iphoneos*]" = "iPhone Developer";
				COPY_PHASE_STRIP = NO;
				GCC_C_LANGUAGE_STANDARD = gnu99;
				GCC_DYNAMIC_NO_PIC = NO;
				GCC_OPTIMIZATION_LEVEL = 0;
				GCC_PREPROCESSOR_DEFINITIONS = (
					"DEBUG=1",
					"$(inherited)",
				);
				GCC_SYMBOLS_PRIVATE_EXTERN = NO;
				GCC_WARN_ABOUT_RETURN_TYPE = YES;
				GCC_WARN_UNINITIALIZED_AUTOS = YES;
				GCC_WARN_UNUSED_VARIABLE = YES;
				IPHONEOS_DEPLOYMENT_TARGET = 6.1;
				ONLY_ACTIVE_ARCH = YES;
				SDKROOT = iphoneos;
				TARGETED_DEVICE_FAMILY = "1,2";
			};
			name = Debug;
		};
		48E98ABB171F2C8700F1F957 /* Release */ = {
			isa = XCBuildConfiguration;
			buildSettings = {
				ALWAYS_SEARCH_USER_PATHS = NO;
				CLANG_CXX_LANGUAGE_STANDARD = "gnu++0x";
				CLANG_CXX_LIBRARY = "libc++";
				CLANG_ENABLE_OBJC_ARC = YES;
				CLANG_WARN_CONSTANT_CONVERSION = YES;
				CLANG_WARN_EMPTY_BODY = YES;
				CLANG_WARN_ENUM_CONVERSION = YES;
				CLANG_WARN_INT_CONVERSION = YES;
				CLANG_WARN__DUPLICATE_METHOD_MATCH = YES;
				"CODE_SIGN_IDENTITY[sdk=iphoneos*]" = "iPhone Developer";
				COPY_PHASE_STRIP = YES;
				GCC_C_LANGUAGE_STANDARD = gnu99;
				GCC_WARN_ABOUT_RETURN_TYPE = YES;
				GCC_WARN_UNINITIALIZED_AUTOS = YES;
				GCC_WARN_UNUSED_VARIABLE = YES;
				IPHONEOS_DEPLOYMENT_TARGET = 6.1;
				OTHER_CFLAGS = "-DNS_BLOCK_ASSERTIONS=1";
				SDKROOT = iphoneos;
				TARGETED_DEVICE_FAMILY = "1,2";
				VALIDATE_PRODUCT = YES;
			};
			name = Release;
		};
		48E98ABD171F2C8700F1F957 /* Debug */ = {
			isa = XCBuildConfiguration;
			buildSettings = {
				GCC_PRECOMPILE_PREFIX_HEADER = YES;
				GCC_PREFIX_HEADER = "ScrollViewIndicators/ScrollViewIndicators-Prefix.pch";
				INFOPLIST_FILE = "ScrollViewIndicators/ScrollViewIndicators-Info.plist";
				PRODUCT_NAME = "$(TARGET_NAME)";
				WRAPPER_EXTENSION = app;
			};
			name = Debug;
		};
		48E98ABE171F2C8700F1F957 /* Release */ = {
			isa = XCBuildConfiguration;
			buildSettings = {
				GCC_PRECOMPILE_PREFIX_HEADER = YES;
				GCC_PREFIX_HEADER = "ScrollViewIndicators/ScrollViewIndicators-Prefix.pch";
				INFOPLIST_FILE = "ScrollViewIndicators/ScrollViewIndicators-Info.plist";
				PRODUCT_NAME = "$(TARGET_NAME)";
				WRAPPER_EXTENSION = app;
			};
			name = Release;
		};
		48E98AC0171F2C8700F1F957 /* Debug */ = {
			isa = XCBuildConfiguration;
			buildSettings = {
				BUNDLE_LOADER = "$(BUILT_PRODUCTS_DIR)/ScrollViewIndicators.app/ScrollViewIndicators";
				FRAMEWORK_SEARCH_PATHS = (
					"\"$(SDKROOT)/Developer/Library/Frameworks\"",
					"\"$(DEVELOPER_LIBRARY_DIR)/Frameworks\"",
				);
				GCC_PRECOMPILE_PREFIX_HEADER = YES;
				GCC_PREFIX_HEADER = "ScrollViewIndicators/ScrollViewIndicators-Prefix.pch";
				INFOPLIST_FILE = "ScrollViewIndicatorsTests/ScrollViewIndicatorsTests-Info.plist";
				PRODUCT_NAME = "$(TARGET_NAME)";
				TEST_HOST = "$(BUNDLE_LOADER)";
				WRAPPER_EXTENSION = octest;
			};
			name = Debug;
		};
		48E98AC1171F2C8700F1F957 /* Release */ = {
			isa = XCBuildConfiguration;
			buildSettings = {
				BUNDLE_LOADER = "$(BUILT_PRODUCTS_DIR)/ScrollViewIndicators.app/ScrollViewIndicators";
				FRAMEWORK_SEARCH_PATHS = (
					"\"$(SDKROOT)/Developer/Library/Frameworks\"",
					"\"$(DEVELOPER_LIBRARY_DIR)/Frameworks\"",
				);
				GCC_PRECOMPILE_PREFIX_HEADER = YES;
				GCC_PREFIX_HEADER = "ScrollViewIndicators/ScrollViewIndicators-Prefix.pch";
				INFOPLIST_FILE = "ScrollViewIndicatorsTests/ScrollViewIndicatorsTests-Info.plist";
				PRODUCT_NAME = "$(TARGET_NAME)";
				TEST_HOST = "$(BUNDLE_LOADER)";
				WRAPPER_EXTENSION = octest;
			};
			name = Release;
		};
/* End XCBuildConfiguration section */

/* Begin XCConfigurationList section */
		48E98A7C171F2C8700F1F957 /* Build configuration list for PBXProject "ScrollViewIndicators" */ = {
			isa = XCConfigurationList;
			buildConfigurations = (
				48E98ABA171F2C8700F1F957 /* Debug */,
				48E98ABB171F2C8700F1F957 /* Release */,
			);
			defaultConfigurationIsVisible = 0;
			defaultConfigurationName = Release;
		};
		48E98ABC171F2C8700F1F957 /* Build configuration list for PBXNativeTarget "ScrollViewIndicators" */ = {
			isa = XCConfigurationList;
			buildConfigurations = (
				48E98ABD171F2C8700F1F957 /* Debug */,
				48E98ABE171F2C8700F1F957 /* Release */,
			);
			defaultConfigurationIsVisible = 0;
		};
		48E98ABF171F2C8700F1F957 /* Build configuration list for PBXNativeTarget "ScrollViewIndicatorsTests" */ = {
			isa = XCConfigurationList;
			buildConfigurations = (
				48E98AC0171F2C8700F1F957 /* Debug */,
				48E98AC1171F2C8700F1F957 /* Release */,
			);
			defaultConfigurationIsVisible = 0;
		};
/* End XCConfigurationList section */
	};
	rootObject = 48E98A79171F2C8700F1F957 /* Project object */;
}
